
Microsoft Visual Studio Solution File, Format Version 12.00
# Visual Studio Version 16
VisualStudioVersion = 16.0.30225.117
MinimumVisualStudioVersion = 10.0.40219.1
Project("{FAE04EC0-301F-11D3-BF4B-00C04F79EFBC}") = "EmployeeDirectory", "EmployeeDirectory\EmployeeDirectory.csproj", "{7B5DFBA1-9FBA-4D70-9056-48DBAF9F06D6}"
EndProject
Global
	GlobalSection(SolutionConfigurationPlatforms) = preSolution
		Debug|Any CPU = Debug|Any CPU
		Release|Any CPU = Release|Any CPU
	EndGlobalSection
	GlobalSection(ProjectConfigurationPlatforms) = postSolution
		{7B5DFBA1-9FBA-4D70-9056-48DBAF9F06D6}.Debug|Any CPU.ActiveCfg = Debug|Any CPU
		{7B5DFBA1-9FBA-4D70-9056-48DBAF9F06D6}.Debug|Any CPU.Build.0 = Debug|Any CPU
		{7B5DFBA1-9FBA-4D70-9056-48DBAF9F06D6}.Release|Any CPU.ActiveCfg = Release|Any CPU
		{7B5DFBA1-9FBA-4D70-9056-48DBAF9F06D6}.Release|Any CPU.Build.0 = Release|Any CPU
	EndGlobalSection
	GlobalSection(SolutionProperties) = preSolution
		HideSolutionNode = FALSE
	EndGlobalSection
	GlobalSection(ExtensibilityGlobals) = postSolution
		SolutionGuid = {8F2D58F2-214B-48A6-B426-D2D870CD2D07}
	EndGlobalSection
EndGlobal
